
Microsoft Visual Studio Solution File, Format Version 12.00
# Visual Studio Version 17
VisualStudioVersion = 17.5.33530.505
MinimumVisualStudioVersion = 10.0.40219.1
Project("{FAE04EC0-301F-11D3-BF4B-00C04F79EFBC}") = "P06ME12_08_20-01.ComputerStore", "P06ME12_08_20-01.ComputerStore\P06ME12_08_20-01.ComputerStore.csproj", "{7892D207-C2AA-49EB-8EB2-745AF0CDEFCD}"
EndProject
Project("{FAE04EC0-301F-11D3-BF4B-00C04F79EFBC}") = "P06ME12_08_20-02.TheLift", "P06ME12_08_20-02.TheLift\P06ME12_08_20-02.TheLift.csproj", "{632D96A0-EF7B-4EE7-9093-2DE8277A7DD7}"
EndProject
Project("{FAE04EC0-301F-11D3-BF4B-00C04F79EFBC}") = "P06ME12_08_20-03.MemoryGame", "P06ME12_08_20-03.MemoryGame\P06ME12_08_20-03.MemoryGame.csproj", "{F897E11B-AAB1-446B-ADF8-DB2EFAF1321A}"
EndProject
Global
	GlobalSection(SolutionConfigurationPlatforms) = preSolution
		Debug|Any CPU = Debug|Any CPU
		Release|Any CPU = Release|Any CPU
	EndGlobalSection
	GlobalSection(ProjectConfigurationPlatforms) = postSolution
		{7892D207-C2AA-49EB-8EB2-745AF0CDEFCD}.Debug|Any CPU.ActiveCfg = Debug|Any CPU
		{7892D207-C2AA-49EB-8EB2-745AF0CDEFCD}.Debug|Any CPU.Build.0 = Debug|Any CPU
		{7892D207-C2AA-49EB-8EB2-745AF0CDEFCD}.Release|Any CPU.ActiveCfg = Release|Any CPU
		{7892D207-C2AA-49EB-8EB2-745AF0CDEFCD}.Release|Any CPU.Build.0 = Release|Any CPU
		{632D96A0-EF7B-4EE7-9093-2DE8277A7DD7}.Debug|Any CPU.ActiveCfg = Debug|Any CPU
		{632D96A0-EF7B-4EE7-9093-2DE8277A7DD7}.Debug|Any CPU.Build.0 = Debug|Any CPU
		{632D96A0-EF7B-4EE7-9093-2DE8277A7DD7}.Release|Any CPU.ActiveCfg = Release|Any CPU
		{632D96A0-EF7B-4EE7-9093-2DE8277A7DD7}.Release|Any CPU.Build.0 = Release|Any CPU
		{F897E11B-AAB1-446B-ADF8-DB2EFAF1321A}.Debug|Any CPU.ActiveCfg = Debug|Any CPU
		{F897E11B-AAB1-446B-ADF8-DB2EFAF1321A}.Debug|Any CPU.Build.0 = Debug|Any CPU
		{F897E11B-AAB1-446B-ADF8-DB2EFAF1321A}.Release|Any CPU.ActiveCfg = Release|Any CPU
		{F897E11B-AAB1-446B-ADF8-DB2EFAF1321A}.Release|Any CPU.Build.0 = Release|Any CPU
	EndGlobalSection
	GlobalSection(SolutionProperties) = preSolution
		HideSolutionNode = FALSE
	EndGlobalSection
	GlobalSection(ExtensibilityGlobals) = postSolution
		SolutionGuid = {634CAEF8-0F94-41D6-BDF2-06DDC6971870}
	EndGlobalSection
EndGlobal
