
Microsoft Visual Studio Solution File, Format Version 12.00
# Visual Studio Version 17
VisualStudioVersion = 17.5.33530.505
MinimumVisualStudioVersion = 10.0.40219.1
Project("{9A19103F-16F7-4668-BE54-9A1E7A4F7556}") = "P02L02.GreaterNumber", "P02L02.GreaterNumber.csproj", "{0C6475C8-57B2-4F95-9F46-7CA2C101C9EF}"
EndProject
Global
	GlobalSection(SolutionConfigurationPlatforms) = preSolution
		Debug|Any CPU = Debug|Any CPU
		Release|Any CPU = Release|Any CPU
	EndGlobalSection
	GlobalSection(ProjectConfigurationPlatforms) = postSolution
		{0C6475C8-57B2-4F95-9F46-7CA2C101C9EF}.Debug|Any CPU.ActiveCfg = Debug|Any CPU
		{0C6475C8-57B2-4F95-9F46-7CA2C101C9EF}.Debug|Any CPU.Build.0 = Debug|Any CPU
		{0C6475C8-57B2-4F95-9F46-7CA2C101C9EF}.Release|Any CPU.ActiveCfg = Release|Any CPU
		{0C6475C8-57B2-4F95-9F46-7CA2C101C9EF}.Release|Any CPU.Build.0 = Release|Any CPU
	EndGlobalSection
	GlobalSection(SolutionProperties) = preSolution
		HideSolutionNode = FALSE
	EndGlobalSection
	GlobalSection(ExtensibilityGlobals) = postSolution
		SolutionGuid = {FE2BA457-0C99-47C9-9997-9B0B7166B72A}
	EndGlobalSection
EndGlobal
