
Microsoft Visual Studio Solution File, Format Version 12.00
# Visual Studio Version 17
VisualStudioVersion = 17.5.33530.505
MinimumVisualStudioVersion = 10.0.40219.1
Project("{FAE04EC0-301F-11D3-BF4B-00C04F79EFBC}") = "P04ME1.DataTypes", "P04ME1.DataTypes\P04ME1.DataTypes.csproj", "{AAA9433C-EDCD-4C93-BBF6-FC3A86B3DC63}"
EndProject
Project("{FAE04EC0-301F-11D3-BF4B-00C04F79EFBC}") = "P04ME2.CenterPoint", "P04ME2.CenterPoint\P04ME2.CenterPoint.csproj", "{947FF150-2F94-48D8-B388-AEE951C475E9}"
EndProject
Project("{FAE04EC0-301F-11D3-BF4B-00C04F79EFBC}") = "P04ME3.LongerLine", "P04ME3.LongerLine\P04ME3.LongerLine.csproj", "{5C83BD29-C53D-4036-88E7-AB53748F5C95}"
EndProject
Project("{FAE04EC0-301F-11D3-BF4B-00C04F79EFBC}") = "P04ME4.TribonacciSequence", "P04ME4.TribonacciSequence\P04ME4.TribonacciSequence.csproj", "{4FB4FDE1-6F11-4D32-8D02-1ADEEE03CB58}"
EndProject
Project("{FAE04EC0-301F-11D3-BF4B-00C04F79EFBC}") = "P04ME5.MultiplicationSign", "P04ME5.MultiplicationSign\P04ME5.MultiplicationSign.csproj", "{4B98F509-617B-4442-97E6-8FF4C0315716}"
EndProject
Global
	GlobalSection(SolutionConfigurationPlatforms) = preSolution
		Debug|Any CPU = Debug|Any CPU
		Release|Any CPU = Release|Any CPU
	EndGlobalSection
	GlobalSection(ProjectConfigurationPlatforms) = postSolution
		{AAA9433C-EDCD-4C93-BBF6-FC3A86B3DC63}.Debug|Any CPU.ActiveCfg = Debug|Any CPU
		{AAA9433C-EDCD-4C93-BBF6-FC3A86B3DC63}.Debug|Any CPU.Build.0 = Debug|Any CPU
		{AAA9433C-EDCD-4C93-BBF6-FC3A86B3DC63}.Release|Any CPU.ActiveCfg = Release|Any CPU
		{AAA9433C-EDCD-4C93-BBF6-FC3A86B3DC63}.Release|Any CPU.Build.0 = Release|Any CPU
		{947FF150-2F94-48D8-B388-AEE951C475E9}.Debug|Any CPU.ActiveCfg = Debug|Any CPU
		{947FF150-2F94-48D8-B388-AEE951C475E9}.Debug|Any CPU.Build.0 = Debug|Any CPU
		{947FF150-2F94-48D8-B388-AEE951C475E9}.Release|Any CPU.ActiveCfg = Release|Any CPU
		{947FF150-2F94-48D8-B388-AEE951C475E9}.Release|Any CPU.Build.0 = Release|Any CPU
		{5C83BD29-C53D-4036-88E7-AB53748F5C95}.Debug|Any CPU.ActiveCfg = Debug|Any CPU
		{5C83BD29-C53D-4036-88E7-AB53748F5C95}.Debug|Any CPU.Build.0 = Debug|Any CPU
		{5C83BD29-C53D-4036-88E7-AB53748F5C95}.Release|Any CPU.ActiveCfg = Release|Any CPU
		{5C83BD29-C53D-4036-88E7-AB53748F5C95}.Release|Any CPU.Build.0 = Release|Any CPU
		{4FB4FDE1-6F11-4D32-8D02-1ADEEE03CB58}.Debug|Any CPU.ActiveCfg = Debug|Any CPU
		{4FB4FDE1-6F11-4D32-8D02-1ADEEE03CB58}.Debug|Any CPU.Build.0 = Debug|Any CPU
		{4FB4FDE1-6F11-4D32-8D02-1ADEEE03CB58}.Release|Any CPU.ActiveCfg = Release|Any CPU
		{4FB4FDE1-6F11-4D32-8D02-1ADEEE03CB58}.Release|Any CPU.Build.0 = Release|Any CPU
		{4B98F509-617B-4442-97E6-8FF4C0315716}.Debug|Any CPU.ActiveCfg = Debug|Any CPU
		{4B98F509-617B-4442-97E6-8FF4C0315716}.Debug|Any CPU.Build.0 = Debug|Any CPU
		{4B98F509-617B-4442-97E6-8FF4C0315716}.Release|Any CPU.ActiveCfg = Release|Any CPU
		{4B98F509-617B-4442-97E6-8FF4C0315716}.Release|Any CPU.Build.0 = Release|Any CPU
	EndGlobalSection
	GlobalSection(SolutionProperties) = preSolution
		HideSolutionNode = FALSE
	EndGlobalSection
	GlobalSection(ExtensibilityGlobals) = postSolution
		SolutionGuid = {7D573646-083D-427D-AC81-755F9942D5F3}
	EndGlobalSection
EndGlobal
