
Microsoft Visual Studio Solution File, Format Version 12.00
# Visual Studio Version 17
VisualStudioVersion = 17.5.33530.505
MinimumVisualStudioVersion = 10.0.40219.1
Project("{FAE04EC0-301F-11D3-BF4B-00C04F79EFBC}") = "P07E01.AdvertisementMessage", "P07E01.AdvertisementMessage\P07E01.AdvertisementMessage.csproj", "{08D8AFBC-B814-499A-BD70-D64DC2D2CA33}"
EndProject
Project("{FAE04EC0-301F-11D3-BF4B-00C04F79EFBC}") = "P07E2.Articles", "P07E2.Articles\P07E2.Articles.csproj", "{2D504AFF-2F49-5A1D-FD38-42B21B5A64C4}"
EndProject
Project("{FAE04EC0-301F-11D3-BF4B-00C04F79EFBC}") = "P07E3.Articles2.0", "P07E3.Articles2.0\P07E3.Articles2.0.csproj", "{4B21768F-1714-9E34-3200-34507348F377}"
EndProject
Project("{FAE04EC0-301F-11D3-BF4B-00C04F79EFBC}") = "P07E4.Students", "P07E04.Students\P07E4.Students.csproj", "{E9938A81-6315-0F74-CED2-97EE582571B0}"
EndProject
Project("{FAE04EC0-301F-11D3-BF4B-00C04F79EFBC}") = "P07E5.TeamworkProjects", "P07E5.TeamworkProjects\P07E5.TeamworkProjects.csproj", "{C72A720A-E6D1-841A-A1B1-D11BB6929D9C}"
EndProject
Project("{FAE04EC0-301F-11D3-BF4B-00C04F79EFBC}") = "P07E6.VehicleCatalogue", "P07E6.VehicleCatalogue\P07E6.VehicleCatalogue.csproj", "{50B1DB8F-B43C-A502-E658-442E93EDFBC7}"
EndProject
Project("{FAE04EC0-301F-11D3-BF4B-00C04F79EFBC}") = "P07E7.OrderByAge", "P07E7.OrderByAge\P07E7.OrderByAge.csproj", "{126E7532-1E2D-18FC-4AA8-6D90CC4EA034}"
EndProject
Global
	GlobalSection(SolutionConfigurationPlatforms) = preSolution
		Debug|Any CPU = Debug|Any CPU
		Release|Any CPU = Release|Any CPU
	EndGlobalSection
	GlobalSection(ProjectConfigurationPlatforms) = postSolution
		{08D8AFBC-B814-499A-BD70-D64DC2D2CA33}.Debug|Any CPU.ActiveCfg = Debug|Any CPU
		{08D8AFBC-B814-499A-BD70-D64DC2D2CA33}.Debug|Any CPU.Build.0 = Debug|Any CPU
		{08D8AFBC-B814-499A-BD70-D64DC2D2CA33}.Release|Any CPU.ActiveCfg = Release|Any CPU
		{08D8AFBC-B814-499A-BD70-D64DC2D2CA33}.Release|Any CPU.Build.0 = Release|Any CPU
		{2D504AFF-2F49-5A1D-FD38-42B21B5A64C4}.Debug|Any CPU.ActiveCfg = Debug|Any CPU
		{2D504AFF-2F49-5A1D-FD38-42B21B5A64C4}.Debug|Any CPU.Build.0 = Debug|Any CPU
		{2D504AFF-2F49-5A1D-FD38-42B21B5A64C4}.Release|Any CPU.ActiveCfg = Release|Any CPU
		{2D504AFF-2F49-5A1D-FD38-42B21B5A64C4}.Release|Any CPU.Build.0 = Release|Any CPU
		{4B21768F-1714-9E34-3200-34507348F377}.Debug|Any CPU.ActiveCfg = Debug|Any CPU
		{4B21768F-1714-9E34-3200-34507348F377}.Debug|Any CPU.Build.0 = Debug|Any CPU
		{4B21768F-1714-9E34-3200-34507348F377}.Release|Any CPU.ActiveCfg = Release|Any CPU
		{4B21768F-1714-9E34-3200-34507348F377}.Release|Any CPU.Build.0 = Release|Any CPU
		{E9938A81-6315-0F74-CED2-97EE582571B0}.Debug|Any CPU.ActiveCfg = Debug|Any CPU
		{E9938A81-6315-0F74-CED2-97EE582571B0}.Debug|Any CPU.Build.0 = Debug|Any CPU
		{E9938A81-6315-0F74-CED2-97EE582571B0}.Release|Any CPU.ActiveCfg = Release|Any CPU
		{E9938A81-6315-0F74-CED2-97EE582571B0}.Release|Any CPU.Build.0 = Release|Any CPU
		{C72A720A-E6D1-841A-A1B1-D11BB6929D9C}.Debug|Any CPU.ActiveCfg = Debug|Any CPU
		{C72A720A-E6D1-841A-A1B1-D11BB6929D9C}.Debug|Any CPU.Build.0 = Debug|Any CPU
		{C72A720A-E6D1-841A-A1B1-D11BB6929D9C}.Release|Any CPU.ActiveCfg = Release|Any CPU
		{C72A720A-E6D1-841A-A1B1-D11BB6929D9C}.Release|Any CPU.Build.0 = Release|Any CPU
		{50B1DB8F-B43C-A502-E658-442E93EDFBC7}.Debug|Any CPU.ActiveCfg = Debug|Any CPU
		{50B1DB8F-B43C-A502-E658-442E93EDFBC7}.Debug|Any CPU.Build.0 = Debug|Any CPU
		{50B1DB8F-B43C-A502-E658-442E93EDFBC7}.Release|Any CPU.ActiveCfg = Release|Any CPU
		{50B1DB8F-B43C-A502-E658-442E93EDFBC7}.Release|Any CPU.Build.0 = Release|Any CPU
		{126E7532-1E2D-18FC-4AA8-6D90CC4EA034}.Debug|Any CPU.ActiveCfg = Debug|Any CPU
		{126E7532-1E2D-18FC-4AA8-6D90CC4EA034}.Debug|Any CPU.Build.0 = Debug|Any CPU
		{126E7532-1E2D-18FC-4AA8-6D90CC4EA034}.Release|Any CPU.ActiveCfg = Release|Any CPU
		{126E7532-1E2D-18FC-4AA8-6D90CC4EA034}.Release|Any CPU.Build.0 = Release|Any CPU
	EndGlobalSection
	GlobalSection(SolutionProperties) = preSolution
		HideSolutionNode = FALSE
	EndGlobalSection
	GlobalSection(ExtensibilityGlobals) = postSolution
		SolutionGuid = {3D4E31C7-92A9-4F44-809E-80D92F26D8C8}
	EndGlobalSection
EndGlobal
