
Microsoft Visual Studio Solution File, Format Version 12.00
# Visual Studio Version 17
VisualStudioVersion = 17.14.36109.1 d17.14
MinimumVisualStudioVersion = 10.0.40219.1
Project("{FAE04EC0-301F-11D3-BF4B-00C04F79EFBC}") = "1", "1\1.csproj", "{135791A9-0C04-44FB-8B62-592AB3B6B968}"
EndProject
Project("{FAE04EC0-301F-11D3-BF4B-00C04F79EFBC}") = "2", "2\2.csproj", "{CA2D6D06-946E-4445-ABF1-B8739982D98C}"
EndProject
Global
	GlobalSection(SolutionConfigurationPlatforms) = preSolution
		Debug|Any CPU = Debug|Any CPU
		Release|Any CPU = Release|Any CPU
	EndGlobalSection
	GlobalSection(ProjectConfigurationPlatforms) = postSolution
		{135791A9-0C04-44FB-8B62-592AB3B6B968}.Debug|Any CPU.ActiveCfg = Debug|Any CPU
		{135791A9-0C04-44FB-8B62-592AB3B6B968}.Debug|Any CPU.Build.0 = Debug|Any CPU
		{135791A9-0C04-44FB-8B62-592AB3B6B968}.Release|Any CPU.ActiveCfg = Release|Any CPU
		{135791A9-0C04-44FB-8B62-592AB3B6B968}.Release|Any CPU.Build.0 = Release|Any CPU
		{CA2D6D06-946E-4445-ABF1-B8739982D98C}.Debug|Any CPU.ActiveCfg = Debug|Any CPU
		{CA2D6D06-946E-4445-ABF1-B8739982D98C}.Debug|Any CPU.Build.0 = Debug|Any CPU
		{CA2D6D06-946E-4445-ABF1-B8739982D98C}.Release|Any CPU.ActiveCfg = Release|Any CPU
		{CA2D6D06-946E-4445-ABF1-B8739982D98C}.Release|Any CPU.Build.0 = Release|Any CPU
	EndGlobalSection
	GlobalSection(SolutionProperties) = preSolution
		HideSolutionNode = FALSE
	EndGlobalSection
	GlobalSection(ExtensibilityGlobals) = postSolution
		SolutionGuid = {87D618D9-CDB8-400E-BE4A-FAD1B5758C8A}
	EndGlobalSection
EndGlobal
