
Microsoft Visual Studio Solution File, Format Version 12.00
# Visual Studio Version 17
VisualStudioVersion = 17.13.35913.81
MinimumVisualStudioVersion = 10.0.40219.1
Project("{FAE04EC0-301F-11D3-BF4B-00C04F79EFBC}") = "00.Demo", "00.Demo\00.Demo.csproj", "{A65813A1-0060-14CC-0AD1-419ADCC87E50}"
EndProject
Project("{FAE04EC0-301F-11D3-BF4B-00C04F79EFBC}") = "P01E01.BasicStackOperations", "P01E1.BasicStackOperations\P01E01.BasicStackOperations.csproj", "{9D00BC15-E835-7747-1530-4CE6B58A0F3A}"
EndProject
Project("{FAE04EC0-301F-11D3-BF4B-00C04F79EFBC}") = "P01E02.BasicQueueOperations", "P01E2.BasicQueueOperations\P01E02.BasicQueueOperations.csproj", "{AFA9ABAB-5ABB-5331-3903-A5D137BB7E60}"
EndProject
Project("{FAE04EC0-301F-11D3-BF4B-00C04F79EFBC}") = "P01E03.MaximumAndMinimumElement", "P01E3.MaximumAndMinimumElement\P01E03.MaximumAndMinimumElement.csproj", "{11ACFF4F-C26D-4744-A3A8-92988DA26364}"
EndProject
Project("{FAE04EC0-301F-11D3-BF4B-00C04F79EFBC}") = "P01E04.FastFood", "P01E4.FastFood\P01E04.FastFood.csproj", "{32401139-FDE9-9148-3A3C-7912A3E3886D}"
EndProject
Project("{FAE04EC0-301F-11D3-BF4B-00C04F79EFBC}") = "P01E05.FashionBoutique", "P01E5.FashionBoutique\P01E05.FashionBoutique.csproj", "{9FD1A543-5226-29E3-C95A-3F634A07C7EA}"
EndProject
Project("{FAE04EC0-301F-11D3-BF4B-00C04F79EFBC}") = "P01E06.SongsQueue", "P01E6.SongsQueue\P01E06.SongsQueue.csproj", "{0D05AFAA-D6EF-85EE-9329-E35EA8DC71DB}"
EndProject
Project("{FAE04EC0-301F-11D3-BF4B-00C04F79EFBC}") = "P01E07.TruckTour", "P01E7.TruckTour\P01E07.TruckTour.csproj", "{47616BBB-8663-4902-C49D-0C36556EC2D0}"
EndProject
Project("{FAE04EC0-301F-11D3-BF4B-00C04F79EFBC}") = "P01E08.BalancedParenthesis", "P01E8.BalancedParenthesis\P01E08.BalancedParenthesis.csproj", "{2EA47B8D-E999-9995-352B-E7022B1F9CE7}"
EndProject
Project("{FAE04EC0-301F-11D3-BF4B-00C04F79EFBC}") = "P01E09.SimpleTextEditor", "P01E9.SimpleTextEditor\P01E09.SimpleTextEditor.csproj", "{A06D63AC-B3C8-5A51-D926-9D49E33AB1D8}"
EndProject
Project("{FAE04EC0-301F-11D3-BF4B-00C04F79EFBC}") = "P01E10.Crossroads(STAR)", "P01E10.Crossroads(STAR)\P01E10.Crossroads(STAR).csproj", "{2C82D09A-E182-CF2E-2A3E-844D81CB26EC}"
EndProject
Project("{FAE04EC0-301F-11D3-BF4B-00C04F79EFBC}") = "P01E11.KeyRevolver(STAR)", "P01E11.KeyRevolver(STAR)\P01E11.KeyRevolver(STAR).csproj", "{678FDDC9-9E80-B21E-C519-4D41AA0E3509}"
EndProject
Project("{FAE04EC0-301F-11D3-BF4B-00C04F79EFBC}") = "P01E12.CupsAndBottles", "P01E12.CupsAndBottles\P01E12.CupsAndBottles.csproj", "{96201219-0DF5-4D2B-A2BD-EAFAAB015778}"
EndProject
Global
	GlobalSection(SolutionConfigurationPlatforms) = preSolution
		Debug|Any CPU = Debug|Any CPU
		Release|Any CPU = Release|Any CPU
	EndGlobalSection
	GlobalSection(ProjectConfigurationPlatforms) = postSolution
		{A65813A1-0060-14CC-0AD1-419ADCC87E50}.Debug|Any CPU.ActiveCfg = Debug|Any CPU
		{A65813A1-0060-14CC-0AD1-419ADCC87E50}.Debug|Any CPU.Build.0 = Debug|Any CPU
		{A65813A1-0060-14CC-0AD1-419ADCC87E50}.Release|Any CPU.ActiveCfg = Release|Any CPU
		{A65813A1-0060-14CC-0AD1-419ADCC87E50}.Release|Any CPU.Build.0 = Release|Any CPU
		{9D00BC15-E835-7747-1530-4CE6B58A0F3A}.Debug|Any CPU.ActiveCfg = Debug|Any CPU
		{9D00BC15-E835-7747-1530-4CE6B58A0F3A}.Debug|Any CPU.Build.0 = Debug|Any CPU
		{9D00BC15-E835-7747-1530-4CE6B58A0F3A}.Release|Any CPU.ActiveCfg = Release|Any CPU
		{9D00BC15-E835-7747-1530-4CE6B58A0F3A}.Release|Any CPU.Build.0 = Release|Any CPU
		{AFA9ABAB-5ABB-5331-3903-A5D137BB7E60}.Debug|Any CPU.ActiveCfg = Debug|Any CPU
		{AFA9ABAB-5ABB-5331-3903-A5D137BB7E60}.Debug|Any CPU.Build.0 = Debug|Any CPU
		{AFA9ABAB-5ABB-5331-3903-A5D137BB7E60}.Release|Any CPU.ActiveCfg = Release|Any CPU
		{AFA9ABAB-5ABB-5331-3903-A5D137BB7E60}.Release|Any CPU.Build.0 = Release|Any CPU
		{11ACFF4F-C26D-4744-A3A8-92988DA26364}.Debug|Any CPU.ActiveCfg = Debug|Any CPU
		{11ACFF4F-C26D-4744-A3A8-92988DA26364}.Debug|Any CPU.Build.0 = Debug|Any CPU
		{11ACFF4F-C26D-4744-A3A8-92988DA26364}.Release|Any CPU.ActiveCfg = Release|Any CPU
		{11ACFF4F-C26D-4744-A3A8-92988DA26364}.Release|Any CPU.Build.0 = Release|Any CPU
		{32401139-FDE9-9148-3A3C-7912A3E3886D}.Debug|Any CPU.ActiveCfg = Debug|Any CPU
		{32401139-FDE9-9148-3A3C-7912A3E3886D}.Debug|Any CPU.Build.0 = Debug|Any CPU
		{32401139-FDE9-9148-3A3C-7912A3E3886D}.Release|Any CPU.ActiveCfg = Release|Any CPU
		{32401139-FDE9-9148-3A3C-7912A3E3886D}.Release|Any CPU.Build.0 = Release|Any CPU
		{9FD1A543-5226-29E3-C95A-3F634A07C7EA}.Debug|Any CPU.ActiveCfg = Debug|Any CPU
		{9FD1A543-5226-29E3-C95A-3F634A07C7EA}.Debug|Any CPU.Build.0 = Debug|Any CPU
		{9FD1A543-5226-29E3-C95A-3F634A07C7EA}.Release|Any CPU.ActiveCfg = Release|Any CPU
		{9FD1A543-5226-29E3-C95A-3F634A07C7EA}.Release|Any CPU.Build.0 = Release|Any CPU
		{0D05AFAA-D6EF-85EE-9329-E35EA8DC71DB}.Debug|Any CPU.ActiveCfg = Debug|Any CPU
		{0D05AFAA-D6EF-85EE-9329-E35EA8DC71DB}.Debug|Any CPU.Build.0 = Debug|Any CPU
		{0D05AFAA-D6EF-85EE-9329-E35EA8DC71DB}.Release|Any CPU.ActiveCfg = Release|Any CPU
		{0D05AFAA-D6EF-85EE-9329-E35EA8DC71DB}.Release|Any CPU.Build.0 = Release|Any CPU
		{47616BBB-8663-4902-C49D-0C36556EC2D0}.Debug|Any CPU.ActiveCfg = Debug|Any CPU
		{47616BBB-8663-4902-C49D-0C36556EC2D0}.Debug|Any CPU.Build.0 = Debug|Any CPU
		{47616BBB-8663-4902-C49D-0C36556EC2D0}.Release|Any CPU.ActiveCfg = Release|Any CPU
		{47616BBB-8663-4902-C49D-0C36556EC2D0}.Release|Any CPU.Build.0 = Release|Any CPU
		{2EA47B8D-E999-9995-352B-E7022B1F9CE7}.Debug|Any CPU.ActiveCfg = Debug|Any CPU
		{2EA47B8D-E999-9995-352B-E7022B1F9CE7}.Debug|Any CPU.Build.0 = Debug|Any CPU
		{2EA47B8D-E999-9995-352B-E7022B1F9CE7}.Release|Any CPU.ActiveCfg = Release|Any CPU
		{2EA47B8D-E999-9995-352B-E7022B1F9CE7}.Release|Any CPU.Build.0 = Release|Any CPU
		{A06D63AC-B3C8-5A51-D926-9D49E33AB1D8}.Debug|Any CPU.ActiveCfg = Debug|Any CPU
		{A06D63AC-B3C8-5A51-D926-9D49E33AB1D8}.Debug|Any CPU.Build.0 = Debug|Any CPU
		{A06D63AC-B3C8-5A51-D926-9D49E33AB1D8}.Release|Any CPU.ActiveCfg = Release|Any CPU
		{A06D63AC-B3C8-5A51-D926-9D49E33AB1D8}.Release|Any CPU.Build.0 = Release|Any CPU
		{2C82D09A-E182-CF2E-2A3E-844D81CB26EC}.Debug|Any CPU.ActiveCfg = Debug|Any CPU
		{2C82D09A-E182-CF2E-2A3E-844D81CB26EC}.Debug|Any CPU.Build.0 = Debug|Any CPU
		{2C82D09A-E182-CF2E-2A3E-844D81CB26EC}.Release|Any CPU.ActiveCfg = Release|Any CPU
		{2C82D09A-E182-CF2E-2A3E-844D81CB26EC}.Release|Any CPU.Build.0 = Release|Any CPU
		{678FDDC9-9E80-B21E-C519-4D41AA0E3509}.Debug|Any CPU.ActiveCfg = Debug|Any CPU
		{678FDDC9-9E80-B21E-C519-4D41AA0E3509}.Debug|Any CPU.Build.0 = Debug|Any CPU
		{678FDDC9-9E80-B21E-C519-4D41AA0E3509}.Release|Any CPU.ActiveCfg = Release|Any CPU
		{678FDDC9-9E80-B21E-C519-4D41AA0E3509}.Release|Any CPU.Build.0 = Release|Any CPU
		{96201219-0DF5-4D2B-A2BD-EAFAAB015778}.Debug|Any CPU.ActiveCfg = Debug|Any CPU
		{96201219-0DF5-4D2B-A2BD-EAFAAB015778}.Debug|Any CPU.Build.0 = Debug|Any CPU
		{96201219-0DF5-4D2B-A2BD-EAFAAB015778}.Release|Any CPU.ActiveCfg = Release|Any CPU
		{96201219-0DF5-4D2B-A2BD-EAFAAB015778}.Release|Any CPU.Build.0 = Release|Any CPU
	EndGlobalSection
	GlobalSection(SolutionProperties) = preSolution
		HideSolutionNode = FALSE
	EndGlobalSection
	GlobalSection(ExtensibilityGlobals) = postSolution
		SolutionGuid = {4A3BF0EE-2A3F-45D2-A614-7DC515489B88}
	EndGlobalSection
EndGlobal
