
Microsoft Visual Studio Solution File, Format Version 12.00
# Visual Studio Version 17
VisualStudioVersion = 17.10.35122.118
MinimumVisualStudioVersion = 10.0.40219.1
Project("{FAE04EC0-301F-11D3-BF4B-00C04F79EFBC}") = "FootballManager", "FootballManager.csproj", "{1AADA418-B82F-6FF7-EF75-158A7C2BFFD5}"
EndProject
Global
	GlobalSection(SolutionConfigurationPlatforms) = preSolution
		Debug|Any CPU = Debug|Any CPU
		Release|Any CPU = Release|Any CPU
	EndGlobalSection
	GlobalSection(ProjectConfigurationPlatforms) = postSolution
		{1AADA418-B82F-6FF7-EF75-158A7C2BFFD5}.Debug|Any CPU.ActiveCfg = Debug|Any CPU
		{1AADA418-B82F-6FF7-EF75-158A7C2BFFD5}.Debug|Any CPU.Build.0 = Debug|Any CPU
		{1AADA418-B82F-6FF7-EF75-158A7C2BFFD5}.Release|Any CPU.ActiveCfg = Release|Any CPU
		{1AADA418-B82F-6FF7-EF75-158A7C2BFFD5}.Release|Any CPU.Build.0 = Release|Any CPU
	EndGlobalSection
	GlobalSection(SolutionProperties) = preSolution
		HideSolutionNode = FALSE
	EndGlobalSection
	GlobalSection(ExtensibilityGlobals) = postSolution
		SolutionGuid = {FCDEFF6F-A1CA-43D2-800E-61253218EA8D}
	EndGlobalSection
EndGlobal
