
Microsoft Visual Studio Solution File, Format Version 12.00
# Visual Studio Version 17
VisualStudioVersion = 17.5.33424.131
MinimumVisualStudioVersion = 10.0.40219.1
Project("{9A19103F-16F7-4668-BE54-9A1E7A4F7556}") = "P02L01.ExcellentResult", "P02L01.ExcellentResult\P02L01.ExcellentResult.csproj", "{074F3E3C-0A21-49FB-BD38-9E522C7DB33A}"
EndProject
Project("{9A19103F-16F7-4668-BE54-9A1E7A4F7556}") = "P02L02.GreaterNumber", "P02L02.GreaterNumber\P02L02.GreaterNumber.csproj", "{67820748-131D-425E-9EA5-024189E1FF77}"
EndProject
Project("{9A19103F-16F7-4668-BE54-9A1E7A4F7556}") = "P02L03.EvenOrOdd", "P02L03.EvenOrOdd\P02L03.EvenOrOdd.csproj", "{6F7E09D2-4D2F-4C72-955C-0D2A2FF81DA9}"
EndProject
Project("{9A19103F-16F7-4668-BE54-9A1E7A4F7556}") = "P02L04.PasswordGuess", "P02L04.PasswordGuess\P02L04.PasswordGuess.csproj", "{E4630F4D-80C7-4B63-81D5-2D54B3E10AB7}"
EndProject
Project("{9A19103F-16F7-4668-BE54-9A1E7A4F7556}") = "P02L05.Number100-200", "P02L05.Number100-200\P02L05.Number100-200.csproj", "{1E2167BB-3FEC-4EE1-822D-9C44A8B29605}"
EndProject
Project("{9A19103F-16F7-4668-BE54-9A1E7A4F7556}") = "P02L06.SpeedInfo", "P02L06.SpeedInfo\P02L06.SpeedInfo.csproj", "{82474A1C-7737-4D29-8B1A-4E064CD84015}"
EndProject
Project("{FAE04EC0-301F-11D3-BF4B-00C04F79EFBC}") = "P02L07.AreaOfFigures", "P02L07.AreaOfFigures\P02L07.AreaOfFigures.csproj", "{0073B7A2-B4B0-4E73-BA9F-811B44B24C5E}"
EndProject
Global
	GlobalSection(SolutionConfigurationPlatforms) = preSolution
		Debug|Any CPU = Debug|Any CPU
		Release|Any CPU = Release|Any CPU
	EndGlobalSection
	GlobalSection(ProjectConfigurationPlatforms) = postSolution
		{074F3E3C-0A21-49FB-BD38-9E522C7DB33A}.Debug|Any CPU.ActiveCfg = Debug|Any CPU
		{074F3E3C-0A21-49FB-BD38-9E522C7DB33A}.Debug|Any CPU.Build.0 = Debug|Any CPU
		{074F3E3C-0A21-49FB-BD38-9E522C7DB33A}.Release|Any CPU.ActiveCfg = Release|Any CPU
		{074F3E3C-0A21-49FB-BD38-9E522C7DB33A}.Release|Any CPU.Build.0 = Release|Any CPU
		{67820748-131D-425E-9EA5-024189E1FF77}.Debug|Any CPU.ActiveCfg = Debug|Any CPU
		{67820748-131D-425E-9EA5-024189E1FF77}.Debug|Any CPU.Build.0 = Debug|Any CPU
		{67820748-131D-425E-9EA5-024189E1FF77}.Release|Any CPU.ActiveCfg = Release|Any CPU
		{67820748-131D-425E-9EA5-024189E1FF77}.Release|Any CPU.Build.0 = Release|Any CPU
		{6F7E09D2-4D2F-4C72-955C-0D2A2FF81DA9}.Debug|Any CPU.ActiveCfg = Debug|Any CPU
		{6F7E09D2-4D2F-4C72-955C-0D2A2FF81DA9}.Debug|Any CPU.Build.0 = Debug|Any CPU
		{6F7E09D2-4D2F-4C72-955C-0D2A2FF81DA9}.Release|Any CPU.ActiveCfg = Release|Any CPU
		{6F7E09D2-4D2F-4C72-955C-0D2A2FF81DA9}.Release|Any CPU.Build.0 = Release|Any CPU
		{E4630F4D-80C7-4B63-81D5-2D54B3E10AB7}.Debug|Any CPU.ActiveCfg = Debug|Any CPU
		{E4630F4D-80C7-4B63-81D5-2D54B3E10AB7}.Debug|Any CPU.Build.0 = Debug|Any CPU
		{E4630F4D-80C7-4B63-81D5-2D54B3E10AB7}.Release|Any CPU.ActiveCfg = Release|Any CPU
		{E4630F4D-80C7-4B63-81D5-2D54B3E10AB7}.Release|Any CPU.Build.0 = Release|Any CPU
		{1E2167BB-3FEC-4EE1-822D-9C44A8B29605}.Debug|Any CPU.ActiveCfg = Debug|Any CPU
		{1E2167BB-3FEC-4EE1-822D-9C44A8B29605}.Debug|Any CPU.Build.0 = Debug|Any CPU
		{1E2167BB-3FEC-4EE1-822D-9C44A8B29605}.Release|Any CPU.ActiveCfg = Release|Any CPU
		{1E2167BB-3FEC-4EE1-822D-9C44A8B29605}.Release|Any CPU.Build.0 = Release|Any CPU
		{82474A1C-7737-4D29-8B1A-4E064CD84015}.Debug|Any CPU.ActiveCfg = Debug|Any CPU
		{82474A1C-7737-4D29-8B1A-4E064CD84015}.Debug|Any CPU.Build.0 = Debug|Any CPU
		{82474A1C-7737-4D29-8B1A-4E064CD84015}.Release|Any CPU.ActiveCfg = Release|Any CPU
		{82474A1C-7737-4D29-8B1A-4E064CD84015}.Release|Any CPU.Build.0 = Release|Any CPU
		{0073B7A2-B4B0-4E73-BA9F-811B44B24C5E}.Debug|Any CPU.ActiveCfg = Debug|Any CPU
		{0073B7A2-B4B0-4E73-BA9F-811B44B24C5E}.Debug|Any CPU.Build.0 = Debug|Any CPU
		{0073B7A2-B4B0-4E73-BA9F-811B44B24C5E}.Release|Any CPU.ActiveCfg = Release|Any CPU
		{0073B7A2-B4B0-4E73-BA9F-811B44B24C5E}.Release|Any CPU.Build.0 = Release|Any CPU
	EndGlobalSection
	GlobalSection(SolutionProperties) = preSolution
		HideSolutionNode = FALSE
	EndGlobalSection
	GlobalSection(ExtensibilityGlobals) = postSolution
		SolutionGuid = {A68BA8C9-1A50-4718-B305-A472FD69BC12}
	EndGlobalSection
EndGlobal
