
Microsoft Visual Studio Solution File, Format Version 12.00
# Visual Studio Version 17
VisualStudioVersion = 17.14.36429.23
MinimumVisualStudioVersion = 10.0.40219.1
Project("{FAE04EC0-301F-11D3-BF4B-00C04F79EFBC}") = "P02L01.SortPeoplebyNameAndAge", "P02L01.SortPeoplebyNameAndAge\P02L01.SortPeoplebyNameAndAge.csproj", "{31322011-9794-332B-9C12-B324C3935F7F}"
EndProject
Project("{FAE04EC0-301F-11D3-BF4B-00C04F79EFBC}") = "00.Demo", "00.Demo\00.Demo.csproj", "{A65813A1-0060-14CC-0AD1-419ADCC87E50}"
EndProject
Project("{FAE04EC0-301F-11D3-BF4B-00C04F79EFBC}") = "P02L02.Salary", "P02L02.Salary\P02L02.Salary.csproj", "{2209BEA0-FCA3-E15A-6BD1-6D6BB8C7EB70}"
EndProject
Project("{FAE04EC0-301F-11D3-BF4B-00C04F79EFBC}") = "P02L03.Validation", "P02L03.Validation\P02L03.Validation.csproj", "{B58519F9-9381-4370-8AA5-B0E74F7AB200}"
EndProject
Project("{FAE04EC0-301F-11D3-BF4B-00C04F79EFBC}") = "P2L04.Team", "P2L04.Team\P2L04.Team.csproj", "{EB17A972-7164-4EE5-A110-42E4EE82EB57}"
EndProject
Global
	GlobalSection(SolutionConfigurationPlatforms) = preSolution
		Debug|Any CPU = Debug|Any CPU
		Release|Any CPU = Release|Any CPU
	EndGlobalSection
	GlobalSection(ProjectConfigurationPlatforms) = postSolution
		{31322011-9794-332B-9C12-B324C3935F7F}.Debug|Any CPU.ActiveCfg = Debug|Any CPU
		{31322011-9794-332B-9C12-B324C3935F7F}.Debug|Any CPU.Build.0 = Debug|Any CPU
		{31322011-9794-332B-9C12-B324C3935F7F}.Release|Any CPU.ActiveCfg = Release|Any CPU
		{31322011-9794-332B-9C12-B324C3935F7F}.Release|Any CPU.Build.0 = Release|Any CPU
		{A65813A1-0060-14CC-0AD1-419ADCC87E50}.Debug|Any CPU.ActiveCfg = Debug|Any CPU
		{A65813A1-0060-14CC-0AD1-419ADCC87E50}.Debug|Any CPU.Build.0 = Debug|Any CPU
		{A65813A1-0060-14CC-0AD1-419ADCC87E50}.Release|Any CPU.ActiveCfg = Release|Any CPU
		{A65813A1-0060-14CC-0AD1-419ADCC87E50}.Release|Any CPU.Build.0 = Release|Any CPU
		{2209BEA0-FCA3-E15A-6BD1-6D6BB8C7EB70}.Debug|Any CPU.ActiveCfg = Debug|Any CPU
		{2209BEA0-FCA3-E15A-6BD1-6D6BB8C7EB70}.Debug|Any CPU.Build.0 = Debug|Any CPU
		{2209BEA0-FCA3-E15A-6BD1-6D6BB8C7EB70}.Release|Any CPU.ActiveCfg = Release|Any CPU
		{2209BEA0-FCA3-E15A-6BD1-6D6BB8C7EB70}.Release|Any CPU.Build.0 = Release|Any CPU
		{B58519F9-9381-4370-8AA5-B0E74F7AB200}.Debug|Any CPU.ActiveCfg = Debug|Any CPU
		{B58519F9-9381-4370-8AA5-B0E74F7AB200}.Debug|Any CPU.Build.0 = Debug|Any CPU
		{B58519F9-9381-4370-8AA5-B0E74F7AB200}.Release|Any CPU.ActiveCfg = Release|Any CPU
		{B58519F9-9381-4370-8AA5-B0E74F7AB200}.Release|Any CPU.Build.0 = Release|Any CPU
		{EB17A972-7164-4EE5-A110-42E4EE82EB57}.Debug|Any CPU.ActiveCfg = Debug|Any CPU
		{EB17A972-7164-4EE5-A110-42E4EE82EB57}.Debug|Any CPU.Build.0 = Debug|Any CPU
		{EB17A972-7164-4EE5-A110-42E4EE82EB57}.Release|Any CPU.ActiveCfg = Release|Any CPU
		{EB17A972-7164-4EE5-A110-42E4EE82EB57}.Release|Any CPU.Build.0 = Release|Any CPU
	EndGlobalSection
	GlobalSection(SolutionProperties) = preSolution
		HideSolutionNode = FALSE
	EndGlobalSection
	GlobalSection(ExtensibilityGlobals) = postSolution
		SolutionGuid = {C4055089-CD03-49B9-86ED-DD2DE0613F48}
	EndGlobalSection
EndGlobal
