
Microsoft Visual Studio Solution File, Format Version 12.00
# Visual Studio Version 17
VisualStudioVersion = 17.14.36109.1
MinimumVisualStudioVersion = 10.0.40219.1
Project("{FAE04EC0-301F-11D3-BF4B-00C04F79EFBC}") = "01.PiePursuit", "01.PiePursuit\01.PiePursuit.csproj", "{33D1209D-6551-4582-A521-FBCEB6C696B1}"
EndProject
Project("{FAE04EC0-301F-11D3-BF4B-00C04F79EFBC}") = "02.EscapetheMaze", "02.EscapetheMaze\02.EscapetheMaze.csproj", "{D6465027-0302-AF21-5D64-C03AABC8AEC8}"
EndProject
Global
	GlobalSection(SolutionConfigurationPlatforms) = preSolution
		Debug|Any CPU = Debug|Any CPU
		Release|Any CPU = Release|Any CPU
	EndGlobalSection
	GlobalSection(ProjectConfigurationPlatforms) = postSolution
		{33D1209D-6551-4582-A521-FBCEB6C696B1}.Debug|Any CPU.ActiveCfg = Debug|Any CPU
		{33D1209D-6551-4582-A521-FBCEB6C696B1}.Debug|Any CPU.Build.0 = Debug|Any CPU
		{33D1209D-6551-4582-A521-FBCEB6C696B1}.Release|Any CPU.ActiveCfg = Release|Any CPU
		{33D1209D-6551-4582-A521-FBCEB6C696B1}.Release|Any CPU.Build.0 = Release|Any CPU
		{D6465027-0302-AF21-5D64-C03AABC8AEC8}.Debug|Any CPU.ActiveCfg = Debug|Any CPU
		{D6465027-0302-AF21-5D64-C03AABC8AEC8}.Debug|Any CPU.Build.0 = Debug|Any CPU
		{D6465027-0302-AF21-5D64-C03AABC8AEC8}.Release|Any CPU.ActiveCfg = Release|Any CPU
		{D6465027-0302-AF21-5D64-C03AABC8AEC8}.Release|Any CPU.Build.0 = Release|Any CPU
	EndGlobalSection
	GlobalSection(SolutionProperties) = preSolution
		HideSolutionNode = FALSE
	EndGlobalSection
	GlobalSection(ExtensibilityGlobals) = postSolution
		SolutionGuid = {5B8B905B-C853-470F-AC10-86F2D8B9E88D}
	EndGlobalSection
EndGlobal
