
Microsoft Visual Studio Solution File, Format Version 12.00
# Visual Studio Version 17
VisualStudioVersion = 17.14.36109.1 d17.14
MinimumVisualStudioVersion = 10.0.40219.1
Project("{FAE04EC0-301F-11D3-BF4B-00C04F79EFBC}") = "P2E01.DiagonalDifference", "P02E01.DiagonalDifference\P2E01.DiagonalDifference.csproj", "{1C3C92D9-9336-4D8E-B76E-8AE94FA5D9CA}"
EndProject
Project("{FAE04EC0-301F-11D3-BF4B-00C04F79EFBC}") = "P2E02.SquaresInMatrix", "P2E02.SquaresInMatrix\P2E02.SquaresInMatrix.csproj", "{5B3C697E-33C3-48C7-BF59-E2ABF02EA22E}"
EndProject
Project("{FAE04EC0-301F-11D3-BF4B-00C04F79EFBC}") = "P2E03.MaximalSum", "P2E03.MaximalSum\P2E03.MaximalSum.csproj", "{29FCD5ED-C1F5-42FD-94C1-264EE5C63B14}"
EndProject
Project("{FAE04EC0-301F-11D3-BF4B-00C04F79EFBC}") = "P2E04.MatrixShuffling", "P2E04.MatrixShuffling\P2E04.MatrixShuffling.csproj", "{5F9766EF-C479-4E08-864D-77A3247D852C}"
EndProject
Project("{FAE04EC0-301F-11D3-BF4B-00C04F79EFBC}") = "P2E05.SnakeMoves", "P2E05.SnakeMoves\P2E05.SnakeMoves.csproj", "{48A0153C-8EF9-4420-92F0-CF5FA6286C7F}"
EndProject
Project("{FAE04EC0-301F-11D3-BF4B-00C04F79EFBC}") = "P2E06.JaggedArrayManipulator", "P2E06.JaggedArrayManipulator\P2E06.JaggedArrayManipulator.csproj", "{44E04125-0E95-49F8-AB8D-D2D571B8DB10}"
EndProject
Project("{FAE04EC0-301F-11D3-BF4B-00C04F79EFBC}") = "P2E07.KnightGame", "P2E07.KnightGame\P2E07.KnightGame.csproj", "{9BE4D574-578C-475B-BA6D-6C1911838EBA}"
EndProject
Project("{FAE04EC0-301F-11D3-BF4B-00C04F79EFBC}") = "P2E08.Bombs(STAR)", "P2E08.Bombs(STAR)\P2E08.Bombs(STAR).csproj", "{2BCEC87C-391D-497B-AD1B-4D6BDC9EF190}"
EndProject
Project("{FAE04EC0-301F-11D3-BF4B-00C04F79EFBC}") = "P2E09.Miner(STAR)", "P2E09.Miner(STAR)\P2E09.Miner(STAR).csproj", "{D5E11CD4-8F56-4B4A-9902-436394F4B0CD}"
EndProject
Project("{FAE04EC0-301F-11D3-BF4B-00C04F79EFBC}") = "P2E10RadioactiveBunnies(STAR)", "P2E10RadioactiveBunnies(STAR)\P2E10RadioactiveBunnies(STAR).csproj", "{49F86F2B-B77F-4C82-A517-C3454E64387B}"
EndProject
Global
	GlobalSection(SolutionConfigurationPlatforms) = preSolution
		Debug|Any CPU = Debug|Any CPU
		Release|Any CPU = Release|Any CPU
	EndGlobalSection
	GlobalSection(ProjectConfigurationPlatforms) = postSolution
		{1C3C92D9-9336-4D8E-B76E-8AE94FA5D9CA}.Debug|Any CPU.ActiveCfg = Debug|Any CPU
		{1C3C92D9-9336-4D8E-B76E-8AE94FA5D9CA}.Debug|Any CPU.Build.0 = Debug|Any CPU
		{1C3C92D9-9336-4D8E-B76E-8AE94FA5D9CA}.Release|Any CPU.ActiveCfg = Release|Any CPU
		{1C3C92D9-9336-4D8E-B76E-8AE94FA5D9CA}.Release|Any CPU.Build.0 = Release|Any CPU
		{5B3C697E-33C3-48C7-BF59-E2ABF02EA22E}.Debug|Any CPU.ActiveCfg = Debug|Any CPU
		{5B3C697E-33C3-48C7-BF59-E2ABF02EA22E}.Debug|Any CPU.Build.0 = Debug|Any CPU
		{5B3C697E-33C3-48C7-BF59-E2ABF02EA22E}.Release|Any CPU.ActiveCfg = Release|Any CPU
		{5B3C697E-33C3-48C7-BF59-E2ABF02EA22E}.Release|Any CPU.Build.0 = Release|Any CPU
		{29FCD5ED-C1F5-42FD-94C1-264EE5C63B14}.Debug|Any CPU.ActiveCfg = Debug|Any CPU
		{29FCD5ED-C1F5-42FD-94C1-264EE5C63B14}.Debug|Any CPU.Build.0 = Debug|Any CPU
		{29FCD5ED-C1F5-42FD-94C1-264EE5C63B14}.Release|Any CPU.ActiveCfg = Release|Any CPU
		{29FCD5ED-C1F5-42FD-94C1-264EE5C63B14}.Release|Any CPU.Build.0 = Release|Any CPU
		{5F9766EF-C479-4E08-864D-77A3247D852C}.Debug|Any CPU.ActiveCfg = Debug|Any CPU
		{5F9766EF-C479-4E08-864D-77A3247D852C}.Debug|Any CPU.Build.0 = Debug|Any CPU
		{5F9766EF-C479-4E08-864D-77A3247D852C}.Release|Any CPU.ActiveCfg = Release|Any CPU
		{5F9766EF-C479-4E08-864D-77A3247D852C}.Release|Any CPU.Build.0 = Release|Any CPU
		{48A0153C-8EF9-4420-92F0-CF5FA6286C7F}.Debug|Any CPU.ActiveCfg = Debug|Any CPU
		{48A0153C-8EF9-4420-92F0-CF5FA6286C7F}.Debug|Any CPU.Build.0 = Debug|Any CPU
		{48A0153C-8EF9-4420-92F0-CF5FA6286C7F}.Release|Any CPU.ActiveCfg = Release|Any CPU
		{48A0153C-8EF9-4420-92F0-CF5FA6286C7F}.Release|Any CPU.Build.0 = Release|Any CPU
		{44E04125-0E95-49F8-AB8D-D2D571B8DB10}.Debug|Any CPU.ActiveCfg = Debug|Any CPU
		{44E04125-0E95-49F8-AB8D-D2D571B8DB10}.Debug|Any CPU.Build.0 = Debug|Any CPU
		{44E04125-0E95-49F8-AB8D-D2D571B8DB10}.Release|Any CPU.ActiveCfg = Release|Any CPU
		{44E04125-0E95-49F8-AB8D-D2D571B8DB10}.Release|Any CPU.Build.0 = Release|Any CPU
		{9BE4D574-578C-475B-BA6D-6C1911838EBA}.Debug|Any CPU.ActiveCfg = Debug|Any CPU
		{9BE4D574-578C-475B-BA6D-6C1911838EBA}.Debug|Any CPU.Build.0 = Debug|Any CPU
		{9BE4D574-578C-475B-BA6D-6C1911838EBA}.Release|Any CPU.ActiveCfg = Release|Any CPU
		{9BE4D574-578C-475B-BA6D-6C1911838EBA}.Release|Any CPU.Build.0 = Release|Any CPU
		{2BCEC87C-391D-497B-AD1B-4D6BDC9EF190}.Debug|Any CPU.ActiveCfg = Debug|Any CPU
		{2BCEC87C-391D-497B-AD1B-4D6BDC9EF190}.Debug|Any CPU.Build.0 = Debug|Any CPU
		{2BCEC87C-391D-497B-AD1B-4D6BDC9EF190}.Release|Any CPU.ActiveCfg = Release|Any CPU
		{2BCEC87C-391D-497B-AD1B-4D6BDC9EF190}.Release|Any CPU.Build.0 = Release|Any CPU
		{D5E11CD4-8F56-4B4A-9902-436394F4B0CD}.Debug|Any CPU.ActiveCfg = Debug|Any CPU
		{D5E11CD4-8F56-4B4A-9902-436394F4B0CD}.Debug|Any CPU.Build.0 = Debug|Any CPU
		{D5E11CD4-8F56-4B4A-9902-436394F4B0CD}.Release|Any CPU.ActiveCfg = Release|Any CPU
		{D5E11CD4-8F56-4B4A-9902-436394F4B0CD}.Release|Any CPU.Build.0 = Release|Any CPU
		{49F86F2B-B77F-4C82-A517-C3454E64387B}.Debug|Any CPU.ActiveCfg = Debug|Any CPU
		{49F86F2B-B77F-4C82-A517-C3454E64387B}.Debug|Any CPU.Build.0 = Debug|Any CPU
		{49F86F2B-B77F-4C82-A517-C3454E64387B}.Release|Any CPU.ActiveCfg = Release|Any CPU
		{49F86F2B-B77F-4C82-A517-C3454E64387B}.Release|Any CPU.Build.0 = Release|Any CPU
	EndGlobalSection
	GlobalSection(SolutionProperties) = preSolution
		HideSolutionNode = FALSE
	EndGlobalSection
	GlobalSection(ExtensibilityGlobals) = postSolution
		SolutionGuid = {1187EE62-DB5B-49F1-98B4-221BF5372F87}
	EndGlobalSection
EndGlobal
