
Microsoft Visual Studio Solution File, Format Version 12.00
# Visual Studio Version 17
VisualStudioVersion = 17.14.36603.0
MinimumVisualStudioVersion = 10.0.40219.1
Project("{FAE04EC0-301F-11D3-BF4B-00C04F79EFBC}") = "P03L01.Shapes", "P03L01.Shapes\P03L01.Shapes.csproj", "{E3CC2005-CC9A-5BC9-4104-98A98CBD2D9E}"
EndProject
Project("{FAE04EC0-301F-11D3-BF4B-00C04F79EFBC}") = "00.Demo", "00.Demo\00.Demo.csproj", "{927A41B1-76E3-4A98-83CE-D811A7A9F08E}"
EndProject
Project("{FAE04EC0-301F-11D3-BF4B-00C04F79EFBC}") = "Cars", "P03L02.Cars\Cars.csproj", "{FDED195B-F587-43EC-A939-2CDD6A5DA912}"
EndProject
Global
	GlobalSection(SolutionConfigurationPlatforms) = preSolution
		Debug|Any CPU = Debug|Any CPU
		Release|Any CPU = Release|Any CPU
	EndGlobalSection
	GlobalSection(ProjectConfigurationPlatforms) = postSolution
		{E3CC2005-CC9A-5BC9-4104-98A98CBD2D9E}.Debug|Any CPU.ActiveCfg = Debug|Any CPU
		{E3CC2005-CC9A-5BC9-4104-98A98CBD2D9E}.Debug|Any CPU.Build.0 = Debug|Any CPU
		{E3CC2005-CC9A-5BC9-4104-98A98CBD2D9E}.Release|Any CPU.ActiveCfg = Release|Any CPU
		{E3CC2005-CC9A-5BC9-4104-98A98CBD2D9E}.Release|Any CPU.Build.0 = Release|Any CPU
		{927A41B1-76E3-4A98-83CE-D811A7A9F08E}.Debug|Any CPU.ActiveCfg = Debug|Any CPU
		{927A41B1-76E3-4A98-83CE-D811A7A9F08E}.Debug|Any CPU.Build.0 = Debug|Any CPU
		{927A41B1-76E3-4A98-83CE-D811A7A9F08E}.Release|Any CPU.ActiveCfg = Release|Any CPU
		{927A41B1-76E3-4A98-83CE-D811A7A9F08E}.Release|Any CPU.Build.0 = Release|Any CPU
		{FDED195B-F587-43EC-A939-2CDD6A5DA912}.Debug|Any CPU.ActiveCfg = Debug|Any CPU
		{FDED195B-F587-43EC-A939-2CDD6A5DA912}.Debug|Any CPU.Build.0 = Debug|Any CPU
		{FDED195B-F587-43EC-A939-2CDD6A5DA912}.Release|Any CPU.ActiveCfg = Release|Any CPU
		{FDED195B-F587-43EC-A939-2CDD6A5DA912}.Release|Any CPU.Build.0 = Release|Any CPU
	EndGlobalSection
	GlobalSection(SolutionProperties) = preSolution
		HideSolutionNode = FALSE
	EndGlobalSection
	GlobalSection(ExtensibilityGlobals) = postSolution
		SolutionGuid = {6D76E61B-AD9B-4DC3-B87F-B4BD0F8D3D60}
	EndGlobalSection
EndGlobal
